// !$*UTF8*$!
{
	archiveVersion = 1;
	classes = {
	};
	objectVersion = 77;
	objects = {

/* Begin PBXBuildFile section */
		F696B1392D0C41BA00F8EC33 /* Preview Assets.xcassets in Resources */ = {isa = PBXBuildFile; fileRef = F696B1332D0C41BA00F8EC33 /* Preview Assets.xcassets */; };
		F696B13A2D0C41BA00F8EC33 /* Assets.xcassets in Resources */ = {isa = PBXBuildFile; fileRef = F696B1352D0C41BA00F8EC33 /* Assets.xcassets */; };
		F696B13B2D0C41BA00F8EC33 /* ContentViewZQQ.swift in Sources */ = {isa = PBXBuildFile; fileRef = F696B1362D0C41BA00F8EC33 /* ContentViewZQQ.swift */; };
		F696B13C2D0C41BA00F8EC33 /* Zodiac_QuizAppZQQ.swift in Sources */ = {isa = PBXBuildFile; fileRef = F696B1372D0C41BA00F8EC33 /* Zodiac_QuizAppZQQ.swift */; };
		F696B14D2D0C423200F8EC33 /* privacy.html in Resources */ = {isa = PBXBuildFile; fileRef = F696B13F2D0C423200F8EC33 /* privacy.html */; };
		F696B14E2D0C423200F8EC33 /* PrivacyViewZQQ.swift in Sources */ = {isa = PBXBuildFile; fileRef = F696B1402D0C423200F8EC33 /* PrivacyViewZQQ.swift */; };
		F696B14F2D0C423200F8EC33 /* FactsViewZQQ.swift in Sources */ = {isa = PBXBuildFile; fileRef = F696B1482D0C423200F8EC33 /* FactsViewZQQ.swift */; };
		F696B1502D0C423200F8EC33 /* WebViewZQQ.swift in Sources */ = {isa = PBXBuildFile; fileRef = F696B1412D0C423200F8EC33 /* WebViewZQQ.swift */; };
		F696B1512D0C423200F8EC33 /* QuestionViewZQQ.swift in Sources */ = {isa = PBXBuildFile; fileRef = F696B1442D0C423200F8EC33 /* QuestionViewZQQ.swift */; };
		F696B1522D0C423200F8EC33 /* NotificationCenterZQQ.swift in Sources */ = {isa = PBXBuildFile; fileRef = F696B1492D0C423200F8EC33 /* NotificationCenterZQQ.swift */; };
		F696B1532D0C423200F8EC33 /* ExtensionsZQQ.swift in Sources */ = {isa = PBXBuildFile; fileRef = F696B1472D0C423200F8EC33 /* ExtensionsZQQ.swift */; };
		F696B1542D0C423200F8EC33 /* ImagePickerZQQ.swift in Sources */ = {isa = PBXBuildFile; fileRef = F696B14A2D0C423200F8EC33 /* ImagePickerZQQ.swift */; };
		F696B1552D0C423200F8EC33 /* QuestionViewModelZQQ.swift in Sources */ = {isa = PBXBuildFile; fileRef = F696B1432D0C423200F8EC33 /* QuestionViewModelZQQ.swift */; };
		F696B1562D0C423200F8EC33 /* QuestionPickViewZQQ.swift in Sources */ = {isa = PBXBuildFile; fileRef = F696B1452D0C423200F8EC33 /* QuestionPickViewZQQ.swift */; };
		F696B1572D0C423200F8EC33 /* ProfileViewZQQ.swift in Sources */ = {isa = PBXBuildFile; fileRef = F696B14B2D0C423200F8EC33 /* ProfileViewZQQ.swift */; };
		F696B1582D0C423200F8EC33 /* LoadingViewZQQ.swift in Sources */ = {isa = PBXBuildFile; fileRef = F696B13E2D0C423200F8EC33 /* LoadingViewZQQ.swift */; };
/* End PBXBuildFile section */

/* Begin PBXFileReference section */
		F696B1222D0C418E00F8EC33 /* Zodiac-Quiz.app */ = {isa = PBXFileReference; explicitFileType = wrapper.application; includeInIndex = 0; path = "Zodiac-Quiz.app"; sourceTree = BUILT_PRODUCTS_DIR; };
		F696B1332D0C41BA00F8EC33 /* Preview Assets.xcassets */ = {isa = PBXFileReference; lastKnownFileType = folder.assetcatalog; path = "Preview Assets.xcassets"; sourceTree = "<group>"; };
		F696B1352D0C41BA00F8EC33 /* Assets.xcassets */ = {isa = PBXFileReference; lastKnownFileType = folder.assetcatalog; path = Assets.xcassets; sourceTree = "<group>"; };
		F696B1362D0C41BA00F8EC33 /* ContentViewZQQ.swift */ = {isa = PBXFileReference; lastKnownFileType = sourcecode.swift; path = ContentViewZQQ.swift; sourceTree = "<group>"; };
		F696B1372D0C41BA00F8EC33 /* Zodiac_QuizAppZQQ.swift */ = {isa = PBXFileReference; lastKnownFileType = sourcecode.swift; path = Zodiac_QuizAppZQQ.swift; sourceTree = "<group>"; };
		F696B13D2D0C41D600F8EC33 /* Info.plist */ = {isa = PBXFileReference; lastKnownFileType = text.plist; path = Info.plist; sourceTree = "<group>"; };
		F696B13E2D0C423200F8EC33 /* LoadingViewZQQ.swift */ = {isa = PBXFileReference; lastKnownFileType = sourcecode.swift; path = LoadingViewZQQ.swift; sourceTree = "<group>"; };
		F696B13F2D0C423200F8EC33 /* privacy.html */ = {isa = PBXFileReference; lastKnownFileType = text.html; path = privacy.html; sourceTree = "<group>"; };
		F696B1402D0C423200F8EC33 /* PrivacyViewZQQ.swift */ = {isa = PBXFileReference; lastKnownFileType = sourcecode.swift; path = PrivacyViewZQQ.swift; sourceTree = "<group>"; };
		F696B1412D0C423200F8EC33 /* WebViewZQQ.swift */ = {isa = PBXFileReference; lastKnownFileType = sourcecode.swift; path = WebViewZQQ.swift; sourceTree = "<group>"; };
		F696B1432D0C423200F8EC33 /* QuestionViewModelZQQ.swift */ = {isa = PBXFileReference; lastKnownFileType = sourcecode.swift; path = QuestionViewModelZQQ.swift; sourceTree = "<group>"; };
		F696B1442D0C423200F8EC33 /* QuestionViewZQQ.swift */ = {isa = PBXFileReference; lastKnownFileType = sourcecode.swift; path = QuestionViewZQQ.swift; sourceTree = "<group>"; };
		F696B1452D0C423200F8EC33 /* QuestionPickViewZQQ.swift */ = {isa = PBXFileReference; lastKnownFileType = sourcecode.swift; path = QuestionPickViewZQQ.swift; sourceTree = "<group>"; };
		F696B1472D0C423200F8EC33 /* ExtensionsZQQ.swift */ = {isa = PBXFileReference; lastKnownFileType = sourcecode.swift; path = ExtensionsZQQ.swift; sourceTree = "<group>"; };
		F696B1482D0C423200F8EC33 /* FactsViewZQQ.swift */ = {isa = PBXFileReference; lastKnownFileType = sourcecode.swift; path = FactsViewZQQ.swift; sourceTree = "<group>"; };
		F696B1492D0C423200F8EC33 /* NotificationCenterZQQ.swift */ = {isa = PBXFileReference; lastKnownFileType = sourcecode.swift; path = NotificationCenterZQQ.swift; sourceTree = "<group>"; };
		F696B14A2D0C423200F8EC33 /* ImagePickerZQQ.swift */ = {isa = PBXFileReference; lastKnownFileType = sourcecode.swift; path = ImagePickerZQQ.swift; sourceTree = "<group>"; };
		F696B14B2D0C423200F8EC33 /* ProfileViewZQQ.swift */ = {isa = PBXFileReference; lastKnownFileType = sourcecode.swift; path = ProfileViewZQQ.swift; sourceTree = "<group>"; };
/* End PBXFileReference section */

/* Begin PBXFrameworksBuildPhase section */
		F696B11F2D0C418E00F8EC33 /* Frameworks */ = {
			isa = PBXFrameworksBuildPhase;
			buildActionMask = 2147483647;
			files = (
			);
			runOnlyForDeploymentPostprocessing = 0;
		};
/* End PBXFrameworksBuildPhase section */

/* Begin PBXGroup section */
		F696B1192D0C418E00F8EC33 = {
			isa = PBXGroup;
			children = (
				F696B1382D0C41BA00F8EC33 /* Zodiac-Quiz */,
				F696B1232D0C418E00F8EC33 /* Products */,
			);
			sourceTree = "<group>";
		};
		F696B1232D0C418E00F8EC33 /* Products */ = {
			isa = PBXGroup;
			children = (
				F696B1222D0C418E00F8EC33 /* Zodiac-Quiz.app */,
			);
			name = Products;
			sourceTree = "<group>";
		};
		F696B1342D0C41BA00F8EC33 /* Preview Content */ = {
			isa = PBXGroup;
			children = (
				F696B1332D0C41BA00F8EC33 /* Preview Assets.xcassets */,
			);
			path = "Preview Content";
			sourceTree = "<group>";
		};
		F696B1382D0C41BA00F8EC33 /* Zodiac-Quiz */ = {
			isa = PBXGroup;
			children = (
				F696B13D2D0C41D600F8EC33 /* Info.plist */,
				F696B1362D0C41BA00F8EC33 /* ContentViewZQQ.swift */,
				F696B1372D0C41BA00F8EC33 /* Zodiac_QuizAppZQQ.swift */,
				F696B1422D0C423200F8EC33 /* LoadingZQQ */,
				F696B1462D0C423200F8EC33 /* QuestionsZQQ */,
				F696B1472D0C423200F8EC33 /* ExtensionsZQQ.swift */,
				F696B1482D0C423200F8EC33 /* FactsViewZQQ.swift */,
				F696B1492D0C423200F8EC33 /* NotificationCenterZQQ.swift */,
				F696B14C2D0C423200F8EC33 /* ProfileZQQ */,
				F696B1352D0C41BA00F8EC33 /* Assets.xcassets */,
				F696B1342D0C41BA00F8EC33 /* Preview Content */,
			);
			path = "Zodiac-Quiz";
			sourceTree = "<group>";
		};
		F696B1422D0C423200F8EC33 /* LoadingZQQ */ = {
			isa = PBXGroup;
			children = (
				F696B13E2D0C423200F8EC33 /* LoadingViewZQQ.swift */,
				F696B13F2D0C423200F8EC33 /* privacy.html */,
				F696B1402D0C423200F8EC33 /* PrivacyViewZQQ.swift */,
				F696B1412D0C423200F8EC33 /* WebViewZQQ.swift */,
			);
			path = LoadingZQQ;
			sourceTree = "<group>";
		};
		F696B1462D0C423200F8EC33 /* QuestionsZQQ */ = {
			isa = PBXGroup;
			children = (
				F696B1432D0C423200F8EC33 /* QuestionViewModelZQQ.swift */,
				F696B1442D0C423200F8EC33 /* QuestionViewZQQ.swift */,
				F696B1452D0C423200F8EC33 /* QuestionPickViewZQQ.swift */,
			);
			path = QuestionsZQQ;
			sourceTree = "<group>";
		};
		F696B14C2D0C423200F8EC33 /* ProfileZQQ */ = {
			isa = PBXGroup;
			children = (
				F696B14A2D0C423200F8EC33 /* ImagePickerZQQ.swift */,
				F696B14B2D0C423200F8EC33 /* ProfileViewZQQ.swift */,
			);
			path = ProfileZQQ;
			sourceTree = "<group>";
		};
/* End PBXGroup section */

/* Begin PBXNativeTarget section */
		F696B1212D0C418E00F8EC33 /* Zodiac-Quiz */ = {
			isa = PBXNativeTarget;
			buildConfigurationList = F696B1302D0C418F00F8EC33 /* Build configuration list for PBXNativeTarget "Zodiac-Quiz" */;
			buildPhases = (
				F696B11E2D0C418E00F8EC33 /* Sources */,
				F696B11F2D0C418E00F8EC33 /* Frameworks */,
				F696B1202D0C418E00F8EC33 /* Resources */,
			);
			buildRules = (
			);
			dependencies = (
			);
			name = "Zodiac-Quiz";
			packageProductDependencies = (
			);
			productName = "Zodiac-Quiz";
			productReference = F696B1222D0C418E00F8EC33 /* Zodiac-Quiz.app */;
			productType = "com.apple.product-type.application";
		};
/* End PBXNativeTarget section */

/* Begin PBXProject section */
		F696B11A2D0C418E00F8EC33 /* Project object */ = {
			isa = PBXProject;
			attributes = {
				BuildIndependentTargetsInParallel = 1;
				LastSwiftUpdateCheck = 1600;
				LastUpgradeCheck = 1600;
				TargetAttributes = {
					F696B1212D0C418E00F8EC33 = {
						CreatedOnToolsVersion = 16.0;
					};
				};
			};
			buildConfigurationList = F696B11D2D0C418E00F8EC33 /* Build configuration list for PBXProject "Zodiac-Quiz" */;
			developmentRegion = en;
			hasScannedForEncodings = 0;
			knownRegions = (
				en,
				Base,
			);
			mainGroup = F696B1192D0C418E00F8EC33;
			minimizedProjectReferenceProxies = 1;
			preferredProjectObjectVersion = 77;
			productRefGroup = F696B1232D0C418E00F8EC33 /* Products */;
			projectDirPath = "";
			projectRoot = "";
			targets = (
				F696B1212D0C418E00F8EC33 /* Zodiac-Quiz */,
			);
		};
/* End PBXProject section */

/* Begin PBXResourcesBuildPhase section */
		F696B1202D0C418E00F8EC33 /* Resources */ = {
			isa = PBXResourcesBuildPhase;
			buildActionMask = 2147483647;
			files = (
				F696B1392D0C41BA00F8EC33 /* Preview Assets.xcassets in Resources */,
				F696B14D2D0C423200F8EC33 /* privacy.html in Resources */,
				F696B13A2D0C41BA00F8EC33 /* Assets.xcassets in Resources */,
			);
			runOnlyForDeploymentPostprocessing = 0;
		};
/* End PBXResourcesBuildPhase section */

/* Begin PBXSourcesBuildPhase section */
		F696B11E2D0C418E00F8EC33 /* Sources */ = {
			isa = PBXSourcesBuildPhase;
			buildActionMask = 2147483647;
			files = (
				F696B14E2D0C423200F8EC33 /* PrivacyViewZQQ.swift in Sources */,
				F696B14F2D0C423200F8EC33 /* FactsViewZQQ.swift in Sources */,
				F696B1502D0C423200F8EC33 /* WebViewZQQ.swift in Sources */,
				F696B1512D0C423200F8EC33 /* QuestionViewZQQ.swift in Sources */,
				F696B1522D0C423200F8EC33 /* NotificationCenterZQQ.swift in Sources */,
				F696B1532D0C423200F8EC33 /* ExtensionsZQQ.swift in Sources */,
				F696B1542D0C423200F8EC33 /* ImagePickerZQQ.swift in Sources */,
				F696B1552D0C423200F8EC33 /* QuestionViewModelZQQ.swift in Sources */,
				F696B1562D0C423200F8EC33 /* QuestionPickViewZQQ.swift in Sources */,
				F696B1572D0C423200F8EC33 /* ProfileViewZQQ.swift in Sources */,
				F696B1582D0C423200F8EC33 /* LoadingViewZQQ.swift in Sources */,
				F696B13B2D0C41BA00F8EC33 /* ContentViewZQQ.swift in Sources */,
				F696B13C2D0C41BA00F8EC33 /* Zodiac_QuizAppZQQ.swift in Sources */,
			);
			runOnlyForDeploymentPostprocessing = 0;
		};
/* End PBXSourcesBuildPhase section */

/* Begin XCBuildConfiguration section */
		F696B12E2D0C418F00F8EC33 /* Debug */ = {
			isa = XCBuildConfiguration;
			buildSettings = {
				ALWAYS_SEARCH_USER_PATHS = NO;
				ASSETCATALOG_COMPILER_GENERATE_SWIFT_ASSET_SYMBOL_EXTENSIONS = YES;
				CLANG_ANALYZER_NONNULL = YES;
				CLANG_ANALYZER_NUMBER_OBJECT_CONVERSION = YES_AGGRESSIVE;
				CLANG_CXX_LANGUAGE_STANDARD = "gnu++20";
				CLANG_ENABLE_MODULES = YES;
				CLANG_ENABLE_OBJC_ARC = YES;
				CLANG_ENABLE_OBJC_WEAK = YES;
				CLANG_WARN_BLOCK_CAPTURE_AUTORELEASING = YES;
				CLANG_WARN_BOOL_CONVERSION = YES;
				CLANG_WARN_COMMA = YES;
				CLANG_WARN_CONSTANT_CONVERSION = YES;
				CLANG_WARN_DEPRECATED_OBJC_IMPLEMENTATIONS = YES;
				CLANG_WARN_DIRECT_OBJC_ISA_USAGE = YES_ERROR;
				CLANG_WARN_DOCUMENTATION_COMMENTS = YES;
				CLANG_WARN_EMPTY_BODY = YES;
				CLANG_WARN_ENUM_CONVERSION = YES;
				CLANG_WARN_INFINITE_RECURSION = YES;
				CLANG_WARN_INT_CONVERSION = YES;
				CLANG_WARN_NON_LITERAL_NULL_CONVERSION = YES;
				CLANG_WARN_OBJC_IMPLICIT_RETAIN_SELF = YES;
				CLANG_WARN_OBJC_LITERAL_CONVERSION = YES;
				CLANG_WARN_OBJC_ROOT_CLASS = YES_ERROR;
				CLANG_WARN_QUOTED_INCLUDE_IN_FRAMEWORK_HEADER = YES;
				CLANG_WARN_RANGE_LOOP_ANALYSIS = YES;
				CLANG_WARN_STRICT_PROTOTYPES = YES;
				CLANG_WARN_SUSPICIOUS_MOVE = YES;
				CLANG_WARN_UNGUARDED_AVAILABILITY = YES_AGGRESSIVE;
				CLANG_WARN_UNREACHABLE_CODE = YES;
				CLANG_WARN__DUPLICATE_METHOD_MATCH = YES;
				COPY_PHASE_STRIP = NO;
				DEBUG_INFORMATION_FORMAT = dwarf;
				ENABLE_STRICT_OBJC_MSGSEND = YES;
				ENABLE_TESTABILITY = YES;
				ENABLE_USER_SCRIPT_SANDBOXING = YES;
				GCC_C_LANGUAGE_STANDARD = gnu17;
				GCC_DYNAMIC_NO_PIC = NO;
				GCC_NO_COMMON_BLOCKS = YES;
				GCC_OPTIMIZATION_LEVEL = 0;
				GCC_PREPROCESSOR_DEFINITIONS = (
					"DEBUG=1",
					"$(inherited)",
				);
				GCC_WARN_64_TO_32_BIT_CONVERSION = YES;
				GCC_WARN_ABOUT_RETURN_TYPE = YES_ERROR;
				GCC_WARN_UNDECLARED_SELECTOR = YES;
				GCC_WARN_UNINITIALIZED_AUTOS = YES_AGGRESSIVE;
				GCC_WARN_UNUSED_FUNCTION = YES;
				GCC_WARN_UNUSED_VARIABLE = YES;
				IPHONEOS_DEPLOYMENT_TARGET = 18.0;
				LOCALIZATION_PREFERS_STRING_CATALOGS = YES;
				MTL_ENABLE_DEBUG_INFO = INCLUDE_SOURCE;
				MTL_FAST_MATH = YES;
				ONLY_ACTIVE_ARCH = YES;
				SDKROOT = iphoneos;
				SWIFT_ACTIVE_COMPILATION_CONDITIONS = "DEBUG $(inherited)";
				SWIFT_OPTIMIZATION_LEVEL = "-Onone";
			};
			name = Debug;
		};
		F696B12F2D0C418F00F8EC33 /* Release */ = {
			isa = XCBuildConfiguration;
			buildSettings = {
				ALWAYS_SEARCH_USER_PATHS = NO;
				ASSETCATALOG_COMPILER_GENERATE_SWIFT_ASSET_SYMBOL_EXTENSIONS = YES;
				CLANG_ANALYZER_NONNULL = YES;
				CLANG_ANALYZER_NUMBER_OBJECT_CONVERSION = YES_AGGRESSIVE;
				CLANG_CXX_LANGUAGE_STANDARD = "gnu++20";
				CLANG_ENABLE_MODULES = YES;
				CLANG_ENABLE_OBJC_ARC = YES;
				CLANG_ENABLE_OBJC_WEAK = YES;
				CLANG_WARN_BLOCK_CAPTURE_AUTORELEASING = YES;
				CLANG_WARN_BOOL_CONVERSION = YES;
				CLANG_WARN_COMMA = YES;
				CLANG_WARN_CONSTANT_CONVERSION = YES;
				CLANG_WARN_DEPRECATED_OBJC_IMPLEMENTATIONS = YES;
				CLANG_WARN_DIRECT_OBJC_ISA_USAGE = YES_ERROR;
				CLANG_WARN_DOCUMENTATION_COMMENTS = YES;
				CLANG_WARN_EMPTY_BODY = YES;
				CLANG_WARN_ENUM_CONVERSION = YES;
				CLANG_WARN_INFINITE_RECURSION = YES;
				CLANG_WARN_INT_CONVERSION = YES;
				CLANG_WARN_NON_LITERAL_NULL_CONVERSION = YES;
				CLANG_WARN_OBJC_IMPLICIT_RETAIN_SELF = YES;
				CLANG_WARN_OBJC_LITERAL_CONVERSION = YES;
				CLANG_WARN_OBJC_ROOT_CLASS = YES_ERROR;
				CLANG_WARN_QUOTED_INCLUDE_IN_FRAMEWORK_HEADER = YES;
				CLANG_WARN_RANGE_LOOP_ANALYSIS = YES;
				CLANG_WARN_STRICT_PROTOTYPES = YES;
				CLANG_WARN_SUSPICIOUS_MOVE = YES;
				CLANG_WARN_UNGUARDED_AVAILABILITY = YES_AGGRESSIVE;
				CLANG_WARN_UNREACHABLE_CODE = YES;
				CLANG_WARN__DUPLICATE_METHOD_MATCH = YES;
				COPY_PHASE_STRIP = NO;
				DEBUG_INFORMATION_FORMAT = "dwarf-with-dsym";
				ENABLE_NS_ASSERTIONS = NO;
				ENABLE_STRICT_OBJC_MSGSEND = YES;
				ENABLE_USER_SCRIPT_SANDBOXING = YES;
				GCC_C_LANGUAGE_STANDARD = gnu17;
				GCC_NO_COMMON_BLOCKS = YES;
				GCC_WARN_64_TO_32_BIT_CONVERSION = YES;
				GCC_WARN_ABOUT_RETURN_TYPE = YES_ERROR;
				GCC_WARN_UNDECLARED_SELECTOR = YES;
				GCC_WARN_UNINITIALIZED_AUTOS = YES_AGGRESSIVE;
				GCC_WARN_UNUSED_FUNCTION = YES;
				GCC_WARN_UNUSED_VARIABLE = YES;
				IPHONEOS_DEPLOYMENT_TARGET = 18.0;
				LOCALIZATION_PREFERS_STRING_CATALOGS = YES;
				MTL_ENABLE_DEBUG_INFO = NO;
				MTL_FAST_MATH = YES;
				SDKROOT = iphoneos;
				SWIFT_COMPILATION_MODE = wholemodule;
				VALIDATE_PRODUCT = YES;
			};
			name = Release;
		};
		F696B1312D0C418F00F8EC33 /* Debug */ = {
			isa = XCBuildConfiguration;
			buildSettings = {
				ASSETCATALOG_COMPILER_APPICON_NAME = AppIcon;
				ASSETCATALOG_COMPILER_GLOBAL_ACCENT_COLOR_NAME = AccentColor;
				CODE_SIGN_STYLE = Automatic;
				CURRENT_PROJECT_VERSION = 1;
				DEVELOPMENT_ASSET_PATHS = "\"Zodiac-Quiz/Preview Content\"";
				DEVELOPMENT_TEAM = "";
				ENABLE_PREVIEWS = YES;
				GENERATE_INFOPLIST_FILE = YES;
				INFOPLIST_FILE = "Zodiac-Quiz/Info.plist";
				INFOPLIST_KEY_CFBundleDisplayName = "Zodiac Quiz";
				INFOPLIST_KEY_LSApplicationCategoryType = "public.app-category.entertainment";
				INFOPLIST_KEY_NSCameraUsageDescription = "We need access to the camera to set a photo for your profile.";
				INFOPLIST_KEY_UIApplicationSceneManifest_Generation = YES;
				INFOPLIST_KEY_UIApplicationSupportsIndirectInputEvents = YES;
				INFOPLIST_KEY_UILaunchScreen_Generation = YES;
				INFOPLIST_KEY_UISupportedInterfaceOrientations_iPad = "UIInterfaceOrientationPortrait UIInterfaceOrientationPortraitUpsideDown UIInterfaceOrientationLandscapeLeft UIInterfaceOrientationLandscapeRight";
				INFOPLIST_KEY_UISupportedInterfaceOrientations_iPhone = "UIInterfaceOrientationPortrait UIInterfaceOrientationLandscapeLeft UIInterfaceOrientationLandscapeRight";
				IPHONEOS_DEPLOYMENT_TARGET = 16.0;
				LD_RUNPATH_SEARCH_PATHS = (
					"$(inherited)",
					"@executable_path/Frameworks",
				);
				MARKETING_VERSION = 1.0;
				PRODUCT_BUNDLE_IDENTIFIER = com.zodiacquiz;
				PRODUCT_NAME = "$(TARGET_NAME)";
				SUPPORTED_PLATFORMS = "iphoneos iphonesimulator";
				SUPPORTS_MACCATALYST = NO;
				SUPPORTS_MAC_DESIGNED_FOR_IPHONE_IPAD = NO;
				SUPPORTS_XR_DESIGNED_FOR_IPHONE_IPAD = NO;
				SWIFT_EMIT_LOC_STRINGS = YES;
				SWIFT_VERSION = 5.0;
				TARGETED_DEVICE_FAMILY = 1;
			};
			name = Debug;
		};
		F696B1322D0C418F00F8EC33 /* Release */ = {
			isa = XCBuildConfiguration;
			buildSettings = {
				ASSETCATALOG_COMPILER_APPICON_NAME = AppIcon;
				ASSETCATALOG_COMPILER_GLOBAL_ACCENT_COLOR_NAME = AccentColor;
				CODE_SIGN_STYLE = Automatic;
				CURRENT_PROJECT_VERSION = 1;
				DEVELOPMENT_ASSET_PATHS = "\"Zodiac-Quiz/Preview Content\"";
				DEVELOPMENT_TEAM = "";
				ENABLE_PREVIEWS = YES;
				GENERATE_INFOPLIST_FILE = YES;
				INFOPLIST_FILE = "Zodiac-Quiz/Info.plist";
				INFOPLIST_KEY_CFBundleDisplayName = "Zodiac Quiz";
				INFOPLIST_KEY_LSApplicationCategoryType = "public.app-category.entertainment";
				INFOPLIST_KEY_NSCameraUsageDescription = "We need access to the camera to set a photo for your profile.";
				INFOPLIST_KEY_UIApplicationSceneManifest_Generation = YES;
				INFOPLIST_KEY_UIApplicationSupportsIndirectInputEvents = YES;
				INFOPLIST_KEY_UILaunchScreen_Generation = YES;
				INFOPLIST_KEY_UISupportedInterfaceOrientations_iPad = "UIInterfaceOrientationPortrait UIInterfaceOrientationPortraitUpsideDown UIInterfaceOrientationLandscapeLeft UIInterfaceOrientationLandscapeRight";
				INFOPLIST_KEY_UISupportedInterfaceOrientations_iPhone = "UIInterfaceOrientationPortrait UIInterfaceOrientationLandscapeLeft UIInterfaceOrientationLandscapeRight";
				IPHONEOS_DEPLOYMENT_TARGET = 16.0;
				LD_RUNPATH_SEARCH_PATHS = (
					"$(inherited)",
					"@executable_path/Frameworks",
				);
				MARKETING_VERSION = 1.0;
				PRODUCT_BUNDLE_IDENTIFIER = com.zodiacquiz;
				PRODUCT_NAME = "$(TARGET_NAME)";
				SUPPORTED_PLATFORMS = "iphoneos iphonesimulator";
				SUPPORTS_MACCATALYST = NO;
				SUPPORTS_MAC_DESIGNED_FOR_IPHONE_IPAD = NO;
				SUPPORTS_XR_DESIGNED_FOR_IPHONE_IPAD = NO;
				SWIFT_EMIT_LOC_STRINGS = YES;
				SWIFT_VERSION = 5.0;
				TARGETED_DEVICE_FAMILY = 1;
			};
			name = Release;
		};
/* End XCBuildConfiguration section */

/* Begin XCConfigurationList section */
		F696B11D2D0C418E00F8EC33 /* Build configuration list for PBXProject "Zodiac-Quiz" */ = {
			isa = XCConfigurationList;
			buildConfigurations = (
				F696B12E2D0C418F00F8EC33 /* Debug */,
				F696B12F2D0C418F00F8EC33 /* Release */,
			);
			defaultConfigurationIsVisible = 0;
			defaultConfigurationName = Release;
		};
		F696B1302D0C418F00F8EC33 /* Build configuration list for PBXNativeTarget "Zodiac-Quiz" */ = {
			isa = XCConfigurationList;
			buildConfigurations = (
				F696B1312D0C418F00F8EC33 /* Debug */,
				F696B1322D0C418F00F8EC33 /* Release */,
			);
			defaultConfigurationIsVisible = 0;
			defaultConfigurationName = Release;
		};
/* End XCConfigurationList section */
	};
	rootObject = F696B11A2D0C418E00F8EC33 /* Project object */;
}
